dependencies:
  LED:
    component_hash: f0b813ad0cc12447bf0ad655b28e4c0726a3bd655b40360a770ef8b750e70e67
    source:
      git: https://github.com/Teepop109/LED_Test.git
      path: components/LED
      type: git
    version: 256a15769ddc554ae7f75104b11dcec5afae8720
  idf:
    component_hash: null
    source:
      type: idf
    version: 5.2.2
manifest_hash: 2200f33c755917bb8771369e99f1035fc4950b9a0e64c9eab47cc718a271e2e2
target: esp32
version: 1.0.0
